
Microsoft Visual Studio Solution File, Format Version 12.00
# Visual Studio 15
VisualStudioVersion = 15.0.34320.172
MinimumVisualStudioVersion = 10.0.40219.1
Project("{FAE04EC0-301F-11D3-BF4B-00C04F79EFBC}") = "PurchaseSystem", "PurchaseSystem\PurchaseSystem.csproj", "{E86C0BB3-A053-4E95-8866-E70B9F1F6FD0}"
EndProject
Project("{FAE04EC0-301F-11D3-BF4B-00C04F79EFBC}") = "DTO", "DTO\DTO.csproj", "{8302FAD9-7C14-4DAE-81F1-0B66D22F0811}"
EndProject
Project("{FAE04EC0-301F-11D3-BF4B-00C04F79EFBC}") = "DAO", "DAO\DAO.csproj", "{30CB3BB1-0DD4-4805-8EA5-FA04AA59D18F}"
EndProject
Project("{FAE04EC0-301F-11D3-BF4B-00C04F79EFBC}") = "BUS", "BUS\BUS.csproj", "{7C01A4FC-3E78-487B-9608-7AAF5D821A88}"
EndProject
Global
	GlobalSection(SolutionConfigurationPlatforms) = preSolution
		Debug|Any CPU = Debug|Any CPU
		Release|Any CPU = Release|Any CPU
	EndGlobalSection
	GlobalSection(ProjectConfigurationPlatforms) = postSolution
		{E86C0BB3-A053-4E95-8866-E70B9F1F6FD0}.Debug|Any CPU.ActiveCfg = Debug|Any CPU
		{E86C0BB3-A053-4E95-8866-E70B9F1F6FD0}.Debug|Any CPU.Build.0 = Debug|Any CPU
		{E86C0BB3-A053-4E95-8866-E70B9F1F6FD0}.Release|Any CPU.ActiveCfg = Release|Any CPU
		{E86C0BB3-A053-4E95-8866-E70B9F1F6FD0}.Release|Any CPU.Build.0 = Release|Any CPU
		{8302FAD9-7C14-4DAE-81F1-0B66D22F0811}.Debug|Any CPU.ActiveCfg = Debug|Any CPU
		{8302FAD9-7C14-4DAE-81F1-0B66D22F0811}.Debug|Any CPU.Build.0 = Debug|Any CPU
		{8302FAD9-7C14-4DAE-81F1-0B66D22F0811}.Release|Any CPU.ActiveCfg = Release|Any CPU
		{8302FAD9-7C14-4DAE-81F1-0B66D22F0811}.Release|Any CPU.Build.0 = Release|Any CPU
		{30CB3BB1-0DD4-4805-8EA5-FA04AA59D18F}.Debug|Any CPU.ActiveCfg = Debug|Any CPU
		{30CB3BB1-0DD4-4805-8EA5-FA04AA59D18F}.Debug|Any CPU.Build.0 = Debug|Any CPU
		{30CB3BB1-0DD4-4805-8EA5-FA04AA59D18F}.Release|Any CPU.ActiveCfg = Release|Any CPU
		{30CB3BB1-0DD4-4805-8EA5-FA04AA59D18F}.Release|Any CPU.Build.0 = Release|Any CPU
		{7C01A4FC-3E78-487B-9608-7AAF5D821A88}.Debug|Any CPU.ActiveCfg = Debug|Any CPU
		{7C01A4FC-3E78-487B-9608-7AAF5D821A88}.Debug|Any CPU.Build.0 = Debug|Any CPU
		{7C01A4FC-3E78-487B-9608-7AAF5D821A88}.Release|Any CPU.ActiveCfg = Release|Any CPU
		{7C01A4FC-3E78-487B-9608-7AAF5D821A88}.Release|Any CPU.Build.0 = Release|Any CPU
	EndGlobalSection
	GlobalSection(SolutionProperties) = preSolution
		HideSolutionNode = FALSE
	EndGlobalSection
	GlobalSection(ExtensibilityGlobals) = postSolution
		SolutionGuid = {D8F79281-8A26-4F3D-8AF0-94F49D07A763}
	EndGlobalSection
EndGlobal
