
Microsoft Visual Studio Solution File, Format Version 12.00
# Visual Studio 15
VisualStudioVersion = 15.0.34320.172
MinimumVisualStudioVersion = 10.0.40219.1
Project("{FAE04EC0-301F-11D3-BF4B-00C04F79EFBC}") = "PurchaseSystem", "PurchaseSystem\PurchaseSystem.csproj", "{E86C0BB3-A053-4E95-8866-E70B9F1F6FD0}"
EndProject
Project("{FAE04EC0-301F-11D3-BF4B-00C04F79EFBC}") = "DAO", "DAO\DAO.csproj", "{3424624F-8C36-4640-8C39-EEB3F8923F2B}"
EndProject
Project("{FAE04EC0-301F-11D3-BF4B-00C04F79EFBC}") = "DTO", "DTO\DTO.csproj", "{89464F2D-CD11-4247-A00A-726C949C6DDD}"
EndProject
Project("{FAE04EC0-301F-11D3-BF4B-00C04F79EFBC}") = "BUS", "BUS\BUS.csproj", "{2894FE4D-4AD2-4BE8-9729-F9A363899652}"
EndProject
Global
	GlobalSection(SolutionConfigurationPlatforms) = preSolution
		Debug|Any CPU = Debug|Any CPU
		Release|Any CPU = Release|Any CPU
	EndGlobalSection
	GlobalSection(ProjectConfigurationPlatforms) = postSolution
		{E86C0BB3-A053-4E95-8866-E70B9F1F6FD0}.Debug|Any CPU.ActiveCfg = Debug|Any CPU
		{E86C0BB3-A053-4E95-8866-E70B9F1F6FD0}.Debug|Any CPU.Build.0 = Debug|Any CPU
		{E86C0BB3-A053-4E95-8866-E70B9F1F6FD0}.Release|Any CPU.ActiveCfg = Release|Any CPU
		{E86C0BB3-A053-4E95-8866-E70B9F1F6FD0}.Release|Any CPU.Build.0 = Release|Any CPU
		{3424624F-8C36-4640-8C39-EEB3F8923F2B}.Debug|Any CPU.ActiveCfg = Debug|Any CPU
		{3424624F-8C36-4640-8C39-EEB3F8923F2B}.Debug|Any CPU.Build.0 = Debug|Any CPU
		{3424624F-8C36-4640-8C39-EEB3F8923F2B}.Release|Any CPU.ActiveCfg = Release|Any CPU
		{3424624F-8C36-4640-8C39-EEB3F8923F2B}.Release|Any CPU.Build.0 = Release|Any CPU
		{89464F2D-CD11-4247-A00A-726C949C6DDD}.Debug|Any CPU.ActiveCfg = Debug|Any CPU
		{89464F2D-CD11-4247-A00A-726C949C6DDD}.Debug|Any CPU.Build.0 = Debug|Any CPU
		{89464F2D-CD11-4247-A00A-726C949C6DDD}.Release|Any CPU.ActiveCfg = Release|Any CPU
		{89464F2D-CD11-4247-A00A-726C949C6DDD}.Release|Any CPU.Build.0 = Release|Any CPU
		{2894FE4D-4AD2-4BE8-9729-F9A363899652}.Debug|Any CPU.ActiveCfg = Debug|Any CPU
		{2894FE4D-4AD2-4BE8-9729-F9A363899652}.Debug|Any CPU.Build.0 = Debug|Any CPU
		{2894FE4D-4AD2-4BE8-9729-F9A363899652}.Release|Any CPU.ActiveCfg = Release|Any CPU
		{2894FE4D-4AD2-4BE8-9729-F9A363899652}.Release|Any CPU.Build.0 = Release|Any CPU
	EndGlobalSection
	GlobalSection(SolutionProperties) = preSolution
		HideSolutionNode = FALSE
	EndGlobalSection
	GlobalSection(ExtensibilityGlobals) = postSolution
		SolutionGuid = {D8F79281-8A26-4F3D-8AF0-94F49D07A763}
	EndGlobalSection
EndGlobal
